
Microsoft Visual Studio Solution File, Format Version 10.00
# Visual C# Express 2008
Project("{FAE04EC0-301F-11D3-BF4B-00C04F79EFBC}") = "AwesomeEngine", "AwesomeEngine\AwesomeEngine.csproj", "{DB9B4E63-E02D-41A9-9004-F174266DC2D3}"
EndProject
Project("{FAE04EC0-301F-11D3-BF4B-00C04F79EFBC}") = "TestScene", "TestScene\TestScene.csproj", "{360FB745-0FBD-40F3-8F58-9D1ECA3D0629}"
EndProject
Project("{FAE04EC0-301F-11D3-BF4B-00C04F79EFBC}") = "OctreeTest", "OctreeTest\OctreeTest.csproj", "{152FB1B0-9099-47B1-8DB0-1938401B1BA6}"
EndProject
Project("{FAE04EC0-301F-11D3-BF4B-00C04F79EFBC}") = "XMLParserTest", "XMLParserTest\XMLParserTest.csproj", "{DDA6BE6E-3BA5-44C4-89E9-112076FECB42}"
EndProject
Global
	GlobalSection(SolutionConfigurationPlatforms) = preSolution
		Debug|x86 = Debug|x86
		Release|x86 = Release|x86
	EndGlobalSection
	GlobalSection(ProjectConfigurationPlatforms) = postSolution
		{DB9B4E63-E02D-41A9-9004-F174266DC2D3}.Debug|x86.ActiveCfg = Debug|x86
		{DB9B4E63-E02D-41A9-9004-F174266DC2D3}.Debug|x86.Build.0 = Debug|x86
		{DB9B4E63-E02D-41A9-9004-F174266DC2D3}.Release|x86.ActiveCfg = Release|x86
		{DB9B4E63-E02D-41A9-9004-F174266DC2D3}.Release|x86.Build.0 = Release|x86
		{360FB745-0FBD-40F3-8F58-9D1ECA3D0629}.Debug|x86.ActiveCfg = Debug|x86
		{360FB745-0FBD-40F3-8F58-9D1ECA3D0629}.Debug|x86.Build.0 = Debug|x86
		{360FB745-0FBD-40F3-8F58-9D1ECA3D0629}.Release|x86.ActiveCfg = Release|x86
		{360FB745-0FBD-40F3-8F58-9D1ECA3D0629}.Release|x86.Build.0 = Release|x86
		{152FB1B0-9099-47B1-8DB0-1938401B1BA6}.Debug|x86.ActiveCfg = Debug|x86
		{152FB1B0-9099-47B1-8DB0-1938401B1BA6}.Debug|x86.Build.0 = Debug|x86
		{152FB1B0-9099-47B1-8DB0-1938401B1BA6}.Release|x86.ActiveCfg = Release|x86
		{152FB1B0-9099-47B1-8DB0-1938401B1BA6}.Release|x86.Build.0 = Release|x86
		{3775C26D-2B65-4F8A-A651-1493208C0DCF}.Debug|x86.ActiveCfg = Debug|x86
		{3775C26D-2B65-4F8A-A651-1493208C0DCF}.Release|x86.ActiveCfg = Release|x86
		{369D96EC-A312-45A1-AB0A-1074A950C586}.Debug|x86.ActiveCfg = Debug|x86
		{369D96EC-A312-45A1-AB0A-1074A950C586}.Release|x86.ActiveCfg = Release|x86
		{36F96D26-BCCE-461F-8298-D8124F8C92E8}.Debug|x86.ActiveCfg = Debug|x86
		{36F96D26-BCCE-461F-8298-D8124F8C92E8}.Release|x86.ActiveCfg = Release|x86
		{DDA6BE6E-3BA5-44C4-89E9-112076FECB42}.Debug|x86.ActiveCfg = Debug|x86
		{DDA6BE6E-3BA5-44C4-89E9-112076FECB42}.Debug|x86.Build.0 = Debug|x86
		{DDA6BE6E-3BA5-44C4-89E9-112076FECB42}.Release|x86.ActiveCfg = Release|x86
		{DDA6BE6E-3BA5-44C4-89E9-112076FECB42}.Release|x86.Build.0 = Release|x86
		{918A6314-FE7A-4D0B-99D3-0D1198C420AD}.Debug|x86.ActiveCfg = Debug|x86
		{918A6314-FE7A-4D0B-99D3-0D1198C420AD}.Release|x86.ActiveCfg = Release|x86
	EndGlobalSection
	GlobalSection(SolutionProperties) = preSolution
		HideSolutionNode = FALSE
	EndGlobalSection
EndGlobal
